
Microsoft Visual Studio Solution File, Format Version 12.00
# Visual Studio 15
VisualStudioVersion = 15.0.28307.136
MinimumVisualStudioVersion = 10.0.40219.1
Project("{FAE04EC0-301F-11D3-BF4B-00C04F79EFBC}") = "Better21 (KuotM)", "Better21 (KuotM)\Better21 (KuotM).csproj", "{A772BF92-063B-48D9-ACAF-C2E51E553BB0}"
EndProject
Global
	GlobalSection(SolutionConfigurationPlatforms) = preSolution
		Debug|Any CPU = Debug|Any CPU
		Release|Any CPU = Release|Any CPU
	EndGlobalSection
	GlobalSection(ProjectConfigurationPlatforms) = postSolution
		{A772BF92-063B-48D9-ACAF-C2E51E553BB0}.Debug|Any CPU.ActiveCfg = Debug|Any CPU
		{A772BF92-063B-48D9-ACAF-C2E51E553BB0}.Debug|Any CPU.Build.0 = Debug|Any CPU
		{A772BF92-063B-48D9-ACAF-C2E51E553BB0}.Release|Any CPU.ActiveCfg = Release|Any CPU
		{A772BF92-063B-48D9-ACAF-C2E51E553BB0}.Release|Any CPU.Build.0 = Release|Any CPU
	EndGlobalSection
	GlobalSection(SolutionProperties) = preSolution
		HideSolutionNode = FALSE
	EndGlobalSection
	GlobalSection(ExtensibilityGlobals) = postSolution
		SolutionGuid = {19A4238C-FEDF-4E85-B490-335291D9C99C}
	EndGlobalSection
EndGlobal
