
Microsoft Visual Studio Solution File, Format Version 12.00
# Visual Studio 2017
Project("{FAE04EC0-301F-11D3-BF4B-00C04F79EFBC}") = "SpaceShooterKuotM", "SpaceShooterKuotM.csproj", "{84199835-4DE3-B1C1-1415-44537827D0E4}"
EndProject
Project("{FAE04EC0-301F-11D3-BF4B-00C04F79EFBC}") = "SpaceShooterKuotM.Editor", "SpaceShooterKuotM.Editor.csproj", "{0FACED8A-3AEE-6DEF-AD96-D905CF8FB2D5}"
EndProject
Global
	GlobalSection(SolutionConfigurationPlatforms) = preSolution
		Debug|Any CPU = Debug|Any CPU
		Release|Any CPU = Release|Any CPU
	EndGlobalSection
	GlobalSection(ProjectConfigurationPlatforms) = postSolution
		{84199835-4DE3-B1C1-1415-44537827D0E4}.Debug|Any CPU.ActiveCfg = Debug|Any CPU
		{84199835-4DE3-B1C1-1415-44537827D0E4}.Debug|Any CPU.Build.0 = Debug|Any CPU
		{84199835-4DE3-B1C1-1415-44537827D0E4}.Release|Any CPU.ActiveCfg = Release|Any CPU
		{84199835-4DE3-B1C1-1415-44537827D0E4}.Release|Any CPU.Build.0 = Release|Any CPU
		{0FACED8A-3AEE-6DEF-AD96-D905CF8FB2D5}.Debug|Any CPU.ActiveCfg = Debug|Any CPU
		{0FACED8A-3AEE-6DEF-AD96-D905CF8FB2D5}.Debug|Any CPU.Build.0 = Debug|Any CPU
		{0FACED8A-3AEE-6DEF-AD96-D905CF8FB2D5}.Release|Any CPU.ActiveCfg = Release|Any CPU
		{0FACED8A-3AEE-6DEF-AD96-D905CF8FB2D5}.Release|Any CPU.Build.0 = Release|Any CPU
	EndGlobalSection
	GlobalSection(SolutionProperties) = preSolution
		HideSolutionNode = FALSE
	EndGlobalSection
EndGlobal
